
Microsoft Visual Studio Solution File, Format Version 12.00
# Visual Studio Version 17
VisualStudioVersion = 17.13.35919.96 d17.13
MinimumVisualStudioVersion = 10.0.40219.1
Project("{FAE04EC0-301F-11D3-BF4B-00C04F79EFBC}") = "Messenger.API", "Messenger.API\Messenger.API.csproj", "{7FD56040-69ED-4A0D-9DBC-C7B6297F174C}"
EndProject
Project("{FAE04EC0-301F-11D3-BF4B-00C04F79EFBC}") = "Messenger.Client", "Messenger.Client\Messenger.Client.csproj", "{7BA9B6C4-C30C-4DBE-A2BD-C27E1AA9BD82}"
EndProject
Global
	GlobalSection(SolutionConfigurationPlatforms) = preSolution
		Debug|Any CPU = Debug|Any CPU
		Release|Any CPU = Release|Any CPU
	EndGlobalSection
	GlobalSection(ProjectConfigurationPlatforms) = postSolution
		{7FD56040-69ED-4A0D-9DBC-C7B6297F174C}.Debug|Any CPU.ActiveCfg = Debug|Any CPU
		{7FD56040-69ED-4A0D-9DBC-C7B6297F174C}.Debug|Any CPU.Build.0 = Debug|Any CPU
		{7FD56040-69ED-4A0D-9DBC-C7B6297F174C}.Release|Any CPU.ActiveCfg = Release|Any CPU
		{7FD56040-69ED-4A0D-9DBC-C7B6297F174C}.Release|Any CPU.Build.0 = Release|Any CPU
		{7BA9B6C4-C30C-4DBE-A2BD-C27E1AA9BD82}.Debug|Any CPU.ActiveCfg = Debug|Any CPU
		{7BA9B6C4-C30C-4DBE-A2BD-C27E1AA9BD82}.Debug|Any CPU.Build.0 = Debug|Any CPU
		{7BA9B6C4-C30C-4DBE-A2BD-C27E1AA9BD82}.Release|Any CPU.ActiveCfg = Release|Any CPU
		{7BA9B6C4-C30C-4DBE-A2BD-C27E1AA9BD82}.Release|Any CPU.Build.0 = Release|Any CPU
	EndGlobalSection
	GlobalSection(SolutionProperties) = preSolution
		HideSolutionNode = FALSE
	EndGlobalSection
	GlobalSection(ExtensibilityGlobals) = postSolution
		SolutionGuid = {09000230-35DF-4ADF-8616-5B592B188679}
	EndGlobalSection
EndGlobal
